{
  "name": "Site radar",
  "lockfileVersion": 3,
  "requires": true,
  "packages": {
    "": {
      "dependencies": {
        "antigravity-awesome-skills": "^7.3.0"
      }
    },
    "node_modules/antigravity-awesome-skills": {
      "version": "7.3.0",
      "resolved": "https://registry.npmjs.org/antigravity-awesome-skills/-/antigravity-awesome-skills-7.3.0.tgz",
      "integrity": "sha512-StRRC+begui+ZJnwG/nYwo9UpGGR9aMNulBSAmxMlZ9Q0qWgucVxUgGiVEbvXl+czNHwEPnz5l41trWr1kBUiA==",
      "license": "MIT",
      "bin": {
        "antigravity-awesome-skills": "tools/bin/install.js"
      }
    }
  }
}
